{
    "_readme": [
        "This file locks the dependencies of your project to a known state",
        "Read more about it at https://getcomposer.org/doc/01-basic-usage.md#installing-dependencies",
        "This file is @generated automatically"
    ],
    "content-hash": "57d3045643dc50cbe378878d15f3a975",
    "packages": [
        {
            "name": "codeitnowin/barcode",
            "version": "3.0.6",
            "source": {
                "type": "git",
                "url": "https://github.com/codeitnowin/barcode-generator.git",
                "reference": "68e6f0f9eac16a20e20ed0e8258d4d9765800878"
            },
            "dist": {
                "type": "zip",
                "url": "https://api.github.com/repos/codeitnowin/barcode-generator/zipball/68e6f0f9eac16a20e20ed0e8258d4d9765800878",
                "reference": "68e6f0f9eac16a20e20ed0e8258d4d9765800878",
                "shasum": ""
            },
            "require": {
                "ext-gd": "*",
                "php": ">=5.3.2"
            },
            "type": "library",
            "autoload": {
                "psr-4": {
                    "CodeItNow\\": "CodeItNow/"
                }
            },
            "notification-url": "https://packagist.org/downloads/",
            "license": [
                "MIT"
            ],
            "authors": [
                {
                    "name": "Akhtar Khan",
                    "email": "er.akhtarkhan@gmail.com"
                }
            ],
            "description": "Barcode & Qr Code generator library by http://www.codeitnow.in. You can use it with Custom PHP application or any PHP Framework such as Laravel, Cakephp, Yii, Codeigneter etc.",
            "homepage": "http://www.codeitnow.in",
            "keywords": [
                "Symfony2",
                "barcode",
                "cakephp",
                "code",
                "generator",
                "laravel",
                "qr",
                "qrcode",
                "symfony"
            ],
            "support": {
                "issues": "https://github.com/codeitnowin/barcode-generator/issues",
                "source": "https://github.com/codeitnowin/barcode-generator/tree/v3.0.6"
            },
            "time": "2021-08-20T15:46:10+00:00"
        }
    ],
    "packages-dev": [],
    "aliases": [],
    "minimum-stability": "stable",
    "stability-flags": [],
    "prefer-stable": false,
    "prefer-lowest": false,
    "platform": [],
    "platform-dev": [],
    "plugin-api-version": "2.1.0"
}
